// !$*UTF8*$!
{
	archiveVersion = 1;
	classes = {
	};
	objectVersion = 50;
	objects = {

/* Begin PBXBuildFile section */
		EACE2F6D21EEA4C32CFD9939 /* Pods_Smack.framework in Frameworks */ = {isa = PBXBuildFile; fileRef = F6DC2FAA14836FCBFB7701E5 /* Pods_Smack.framework */; };
		F429F49620C60E8C00BA6759 /* ChatVC.swift in Sources */ = {isa = PBXBuildFile; fileRef = F429F49520C60E8C00BA6759 /* ChatVC.swift */; };
		F429F49820C60E9E00BA6759 /* ChannelVC.swift in Sources */ = {isa = PBXBuildFile; fileRef = F429F49720C60E9E00BA6759 /* ChannelVC.swift */; };
		F42D1B8020C6C9E100409BB5 /* Constants.swift in Sources */ = {isa = PBXBuildFile; fileRef = F42D1B7F20C6C9E100409BB5 /* Constants.swift */; };
		F42D1B8220C6CDAF00409BB5 /* LoginVC.swift in Sources */ = {isa = PBXBuildFile; fileRef = F42D1B8120C6CDAF00409BB5 /* LoginVC.swift */; };
		F45287F920D483B2008BADDC /* ProfileVC.swift in Sources */ = {isa = PBXBuildFile; fileRef = F45287F720D483B2008BADDC /* ProfileVC.swift */; };
		F45287FA20D483B2008BADDC /* ProfileVC.xib in Resources */ = {isa = PBXBuildFile; fileRef = F45287F820D483B2008BADDC /* ProfileVC.xib */; };
		F46B562E20CAC10E00466855 /* AuthService.swift in Sources */ = {isa = PBXBuildFile; fileRef = F46B562D20CAC10E00466855 /* AuthService.swift */; };
		F46B563020CAF6D100466855 /* RoundedButton.swift in Sources */ = {isa = PBXBuildFile; fileRef = F46B562F20CAF6D100466855 /* RoundedButton.swift */; };
		F4753BA720C44C9000995FBB /* AppDelegate.swift in Sources */ = {isa = PBXBuildFile; fileRef = F4753BA620C44C9000995FBB /* AppDelegate.swift */; };
		F4753BAC20C44C9000995FBB /* Main.storyboard in Resources */ = {isa = PBXBuildFile; fileRef = F4753BAA20C44C9000995FBB /* Main.storyboard */; };
		F4753BAE20C44C9100995FBB /* Assets.xcassets in Resources */ = {isa = PBXBuildFile; fileRef = F4753BAD20C44C9100995FBB /* Assets.xcassets */; };
		F4753BB120C44C9100995FBB /* LaunchScreen.storyboard in Resources */ = {isa = PBXBuildFile; fileRef = F4753BAF20C44C9100995FBB /* LaunchScreen.storyboard */; };
		F491498E20E3C6A30080CCDD /* Message.swift in Sources */ = {isa = PBXBuildFile; fileRef = F491498D20E3C6A30080CCDD /* Message.swift */; };
		F494193B20CDACCB005F5AF2 /* UserDataService.swift in Sources */ = {isa = PBXBuildFile; fileRef = F494193A20CDACCB005F5AF2 /* UserDataService.swift */; };
		F49932B420E2714D006B10D4 /* ChannelCell.swift in Sources */ = {isa = PBXBuildFile; fileRef = F49932B320E2714D006B10D4 /* ChannelCell.swift */; };
		F49932B720E2750E006B10D4 /* AddChannelVC.swift in Sources */ = {isa = PBXBuildFile; fileRef = F49932B520E2750E006B10D4 /* AddChannelVC.swift */; };
		F49932B820E2750E006B10D4 /* AddChannelVC.xib in Resources */ = {isa = PBXBuildFile; fileRef = F49932B620E2750E006B10D4 /* AddChannelVC.xib */; };
		F49932BA20E27C0E006B10D4 /* SocketService.swift in Sources */ = {isa = PBXBuildFile; fileRef = F49932B920E27C0E006B10D4 /* SocketService.swift */; };
		F4C8390820C6C1A800F4A233 /* GradientView.swift in Sources */ = {isa = PBXBuildFile; fileRef = F4C8390720C6C1A800F4A233 /* GradientView.swift */; };
		F4CE0E5720C80EB000F0C2CE /* CreateAccountVC.swift in Sources */ = {isa = PBXBuildFile; fileRef = F4CE0E5620C80EB000F0C2CE /* CreateAccountVC.swift */; };
		F4DBB8BA20D93BFD00E65887 /* MessageService.swift in Sources */ = {isa = PBXBuildFile; fileRef = F4DBB8B920D93BFD00E65887 /* MessageService.swift */; };
		F4DBB8BC20D93C2400E65887 /* Channel.swift in Sources */ = {isa = PBXBuildFile; fileRef = F4DBB8BB20D93C2400E65887 /* Channel.swift */; };
		F4E68EB120C4514B00888425 /* SWRevealViewController.m in Sources */ = {isa = PBXBuildFile; fileRef = F4E68EAF20C4514B00888425 /* SWRevealViewController.m */; };
		F4F5B47120CFFCB500E62E5E /* AvatarPickerVC.swift in Sources */ = {isa = PBXBuildFile; fileRef = F4F5B47020CFFCB500E62E5E /* AvatarPickerVC.swift */; };
		F4F5B47320CFFE0900E62E5E /* AvatarCell.swift in Sources */ = {isa = PBXBuildFile; fileRef = F4F5B47220CFFE0900E62E5E /* AvatarCell.swift */; };
		F4F5B47520D006EA00E62E5E /* CircleImage.swift in Sources */ = {isa = PBXBuildFile; fileRef = F4F5B47420D006EA00E62E5E /* CircleImage.swift */; };
/* End PBXBuildFile section */

/* Begin PBXFileReference section */
		433162E588B8154278F8F77B /* Pods-Smack.release.xcconfig */ = {isa = PBXFileReference; includeInIndex = 1; lastKnownFileType = text.xcconfig; name = "Pods-Smack.release.xcconfig"; path = "Pods/Target Support Files/Pods-Smack/Pods-Smack.release.xcconfig"; sourceTree = "<group>"; };
		B6045BDF72F569328ADCF3CC /* Pods-Smack.debug.xcconfig */ = {isa = PBXFileReference; includeInIndex = 1; lastKnownFileType = text.xcconfig; name = "Pods-Smack.debug.xcconfig"; path = "Pods/Target Support Files/Pods-Smack/Pods-Smack.debug.xcconfig"; sourceTree = "<group>"; };
		F429F49520C60E8C00BA6759 /* ChatVC.swift */ = {isa = PBXFileReference; lastKnownFileType = sourcecode.swift; path = ChatVC.swift; sourceTree = "<group>"; };
		F429F49720C60E9E00BA6759 /* ChannelVC.swift */ = {isa = PBXFileReference; lastKnownFileType = sourcecode.swift; path = ChannelVC.swift; sourceTree = "<group>"; };
		F42D1B7F20C6C9E100409BB5 /* Constants.swift */ = {isa = PBXFileReference; lastKnownFileType = sourcecode.swift; path = Constants.swift; sourceTree = "<group>"; };
		F42D1B8120C6CDAF00409BB5 /* LoginVC.swift */ = {isa = PBXFileReference; lastKnownFileType = sourcecode.swift; path = LoginVC.swift; sourceTree = "<group>"; };
		F45287F720D483B2008BADDC /* ProfileVC.swift */ = {isa = PBXFileReference; lastKnownFileType = sourcecode.swift; path = ProfileVC.swift; sourceTree = "<group>"; };
		F45287F820D483B2008BADDC /* ProfileVC.xib */ = {isa = PBXFileReference; lastKnownFileType = file.xib; path = ProfileVC.xib; sourceTree = "<group>"; };
		F46B562D20CAC10E00466855 /* AuthService.swift */ = {isa = PBXFileReference; lastKnownFileType = sourcecode.swift; path = AuthService.swift; sourceTree = "<group>"; };
		F46B562F20CAF6D100466855 /* RoundedButton.swift */ = {isa = PBXFileReference; lastKnownFileType = sourcecode.swift; path = RoundedButton.swift; sourceTree = "<group>"; };
		F4753BA320C44C9000995FBB /* Smack.app */ = {isa = PBXFileReference; explicitFileType = wrapper.application; includeInIndex = 0; path = Smack.app; sourceTree = BUILT_PRODUCTS_DIR; };
		F4753BA620C44C9000995FBB /* AppDelegate.swift */ = {isa = PBXFileReference; lastKnownFileType = sourcecode.swift; path = AppDelegate.swift; sourceTree = "<group>"; };
		F4753BAB20C44C9000995FBB /* Base */ = {isa = PBXFileReference; lastKnownFileType = file.storyboard; name = Base; path = Base.lproj/Main.storyboard; sourceTree = "<group>"; };
		F4753BAD20C44C9100995FBB /* Assets.xcassets */ = {isa = PBXFileReference; lastKnownFileType = folder.assetcatalog; path = Assets.xcassets; sourceTree = "<group>"; };
		F4753BB020C44C9100995FBB /* Base */ = {isa = PBXFileReference; lastKnownFileType = file.storyboard; name = Base; path = Base.lproj/LaunchScreen.storyboard; sourceTree = "<group>"; };
		F4753BB220C44C9100995FBB /* Info.plist */ = {isa = PBXFileReference; lastKnownFileType = text.plist.xml; path = Info.plist; sourceTree = "<group>"; };
		F491498D20E3C6A30080CCDD /* Message.swift */ = {isa = PBXFileReference; lastKnownFileType = sourcecode.swift; path = Message.swift; sourceTree = "<group>"; };
		F494193A20CDACCB005F5AF2 /* UserDataService.swift */ = {isa = PBXFileReference; lastKnownFileType = sourcecode.swift; path = UserDataService.swift; sourceTree = "<group>"; };
		F49932B320E2714D006B10D4 /* ChannelCell.swift */ = {isa = PBXFileReference; lastKnownFileType = sourcecode.swift; path = ChannelCell.swift; sourceTree = "<group>"; };
		F49932B520E2750E006B10D4 /* AddChannelVC.swift */ = {isa = PBXFileReference; lastKnownFileType = sourcecode.swift; path = AddChannelVC.swift; sourceTree = "<group>"; };
		F49932B620E2750E006B10D4 /* AddChannelVC.xib */ = {isa = PBXFileReference; lastKnownFileType = file.xib; path = AddChannelVC.xib; sourceTree = "<group>"; };
		F49932B920E27C0E006B10D4 /* SocketService.swift */ = {isa = PBXFileReference; lastKnownFileType = sourcecode.swift; path = SocketService.swift; sourceTree = "<group>"; };
		F4C8390720C6C1A800F4A233 /* GradientView.swift */ = {isa = PBXFileReference; lastKnownFileType = sourcecode.swift; path = GradientView.swift; sourceTree = "<group>"; };
		F4CE0E5620C80EB000F0C2CE /* CreateAccountVC.swift */ = {isa = PBXFileReference; lastKnownFileType = sourcecode.swift; path = CreateAccountVC.swift; sourceTree = "<group>"; };
		F4DBB8B920D93BFD00E65887 /* MessageService.swift */ = {isa = PBXFileReference; lastKnownFileType = sourcecode.swift; path = MessageService.swift; sourceTree = "<group>"; };
		F4DBB8BB20D93C2400E65887 /* Channel.swift */ = {isa = PBXFileReference; lastKnownFileType = sourcecode.swift; path = Channel.swift; sourceTree = "<group>"; };
		F4E68EAE20C4514B00888425 /* Smack-Bridging-Header.h */ = {isa = PBXFileReference; lastKnownFileType = sourcecode.c.h; path = "Smack-Bridging-Header.h"; sourceTree = "<group>"; };
		F4E68EAF20C4514B00888425 /* SWRevealViewController.m */ = {isa = PBXFileReference; fileEncoding = 4; lastKnownFileType = sourcecode.c.objc; path = SWRevealViewController.m; sourceTree = "<group>"; };
		F4E68EB020C4514B00888425 /* SWRevealViewController.h */ = {isa = PBXFileReference; fileEncoding = 4; lastKnownFileType = sourcecode.c.h; path = SWRevealViewController.h; sourceTree = "<group>"; };
		F4F5B47020CFFCB500E62E5E /* AvatarPickerVC.swift */ = {isa = PBXFileReference; lastKnownFileType = sourcecode.swift; path = AvatarPickerVC.swift; sourceTree = "<group>"; };
		F4F5B47220CFFE0900E62E5E /* AvatarCell.swift */ = {isa = PBXFileReference; lastKnownFileType = sourcecode.swift; path = AvatarCell.swift; sourceTree = "<group>"; };
		F4F5B47420D006EA00E62E5E /* CircleImage.swift */ = {isa = PBXFileReference; lastKnownFileType = sourcecode.swift; path = CircleImage.swift; sourceTree = "<group>"; };
		F6DC2FAA14836FCBFB7701E5 /* Pods_Smack.framework */ = {isa = PBXFileReference; explicitFileType = wrapper.framework; includeInIndex = 0; path = Pods_Smack.framework; sourceTree = BUILT_PRODUCTS_DIR; };
/* End PBXFileReference section */

/* Begin PBXFrameworksBuildPhase section */
		F4753BA020C44C9000995FBB /* Frameworks */ = {
			isa = PBXFrameworksBuildPhase;
			buildActionMask = 2147483647;
			files = (
				EACE2F6D21EEA4C32CFD9939 /* Pods_Smack.framework in Frameworks */,
			);
			runOnlyForDeploymentPostprocessing = 0;
		};
/* End PBXFrameworksBuildPhase section */

/* Begin PBXGroup section */
		DA57C42812001CB6EA7B6039 /* Frameworks */ = {
			isa = PBXGroup;
			children = (
				F6DC2FAA14836FCBFB7701E5 /* Pods_Smack.framework */,
			);
			name = Frameworks;
			sourceTree = "<group>";
		};
		DF3E9EF22EF95605F6AA90AC /* Pods */ = {
			isa = PBXGroup;
			children = (
				B6045BDF72F569328ADCF3CC /* Pods-Smack.debug.xcconfig */,
				433162E588B8154278F8F77B /* Pods-Smack.release.xcconfig */,
			);
			name = Pods;
			sourceTree = "<group>";
		};
		F429F49220C60E4F00BA6759 /* Model */ = {
			isa = PBXGroup;
			children = (
				F4DBB8BB20D93C2400E65887 /* Channel.swift */,
				F491498D20E3C6A30080CCDD /* Message.swift */,
			);
			path = Model;
			sourceTree = "<group>";
		};
		F429F49320C60E5500BA6759 /* View */ = {
			isa = PBXGroup;
			children = (
				F4C8390720C6C1A800F4A233 /* GradientView.swift */,
				F46B562F20CAF6D100466855 /* RoundedButton.swift */,
				F4F5B47220CFFE0900E62E5E /* AvatarCell.swift */,
				F4F5B47420D006EA00E62E5E /* CircleImage.swift */,
				F49932B320E2714D006B10D4 /* ChannelCell.swift */,
			);
			path = View;
			sourceTree = "<group>";
		};
		F429F49420C60E5A00BA6759 /* Controller */ = {
			isa = PBXGroup;
			children = (
				F429F49520C60E8C00BA6759 /* ChatVC.swift */,
				F429F49720C60E9E00BA6759 /* ChannelVC.swift */,
				F42D1B8120C6CDAF00409BB5 /* LoginVC.swift */,
				F4CE0E5620C80EB000F0C2CE /* CreateAccountVC.swift */,
				F4F5B47020CFFCB500E62E5E /* AvatarPickerVC.swift */,
				F45287F720D483B2008BADDC /* ProfileVC.swift */,
				F49932B520E2750E006B10D4 /* AddChannelVC.swift */,
			);
			path = Controller;
			sourceTree = "<group>";
		};
		F42D1B7E20C6C9CD00409BB5 /* Utilities */ = {
			isa = PBXGroup;
			children = (
				F42D1B7F20C6C9E100409BB5 /* Constants.swift */,
			);
			path = Utilities;
			sourceTree = "<group>";
		};
		F45287FB20D483CA008BADDC /* XIBs */ = {
			isa = PBXGroup;
			children = (
				F45287F820D483B2008BADDC /* ProfileVC.xib */,
				F49932B620E2750E006B10D4 /* AddChannelVC.xib */,
			);
			path = XIBs;
			sourceTree = "<group>";
		};
		F46B562C20CAC0F600466855 /* Services */ = {
			isa = PBXGroup;
			children = (
				F46B562D20CAC10E00466855 /* AuthService.swift */,
				F494193A20CDACCB005F5AF2 /* UserDataService.swift */,
				F4DBB8B920D93BFD00E65887 /* MessageService.swift */,
				F49932B920E27C0E006B10D4 /* SocketService.swift */,
			);
			path = Services;
			sourceTree = "<group>";
		};
		F4753B9A20C44C9000995FBB = {
			isa = PBXGroup;
			children = (
				F4753BA520C44C9000995FBB /* Smack */,
				F4753BA420C44C9000995FBB /* Products */,
				DF3E9EF22EF95605F6AA90AC /* Pods */,
				DA57C42812001CB6EA7B6039 /* Frameworks */,
			);
			sourceTree = "<group>";
		};
		F4753BA420C44C9000995FBB /* Products */ = {
			isa = PBXGroup;
			children = (
				F4753BA320C44C9000995FBB /* Smack.app */,
			);
			name = Products;
			sourceTree = "<group>";
		};
		F4753BA520C44C9000995FBB /* Smack */ = {
			isa = PBXGroup;
			children = (
				F45287FB20D483CA008BADDC /* XIBs */,
				F46B562C20CAC0F600466855 /* Services */,
				F42D1B7E20C6C9CD00409BB5 /* Utilities */,
				F429F49220C60E4F00BA6759 /* Model */,
				F429F49320C60E5500BA6759 /* View */,
				F429F49420C60E5A00BA6759 /* Controller */,
				F4E68EAD20C4512400888425 /* Supporting Files */,
				F4753BA620C44C9000995FBB /* AppDelegate.swift */,
				F4753BAA20C44C9000995FBB /* Main.storyboard */,
				F4753BAD20C44C9100995FBB /* Assets.xcassets */,
				F4753BAF20C44C9100995FBB /* LaunchScreen.storyboard */,
				F4753BB220C44C9100995FBB /* Info.plist */,
			);
			path = Smack;
			sourceTree = "<group>";
		};
		F4E68EAD20C4512400888425 /* Supporting Files */ = {
			isa = PBXGroup;
			children = (
				F4E68EB020C4514B00888425 /* SWRevealViewController.h */,
				F4E68EAF20C4514B00888425 /* SWRevealViewController.m */,
				F4E68EAE20C4514B00888425 /* Smack-Bridging-Header.h */,
			);
			path = "Supporting Files";
			sourceTree = "<group>";
		};
/* End PBXGroup section */

/* Begin PBXNativeTarget section */
		F4753BA220C44C9000995FBB /* Smack */ = {
			isa = PBXNativeTarget;
			buildConfigurationList = F4753BB520C44C9100995FBB /* Build configuration list for PBXNativeTarget "Smack" */;
			buildPhases = (
				52A7292D9B60704BA5B6B71E /* [CP] Check Pods Manifest.lock */,
				F4753B9F20C44C9000995FBB /* Sources */,
				F4753BA020C44C9000995FBB /* Frameworks */,
				F4753BA120C44C9000995FBB /* Resources */,
				8B76E07F9E0C6C447E3DF558 /* [CP] Embed Pods Frameworks */,
			);
			buildRules = (
			);
			dependencies = (
			);
			name = Smack;
			productName = Smack;
			productReference = F4753BA320C44C9000995FBB /* Smack.app */;
			productType = "com.apple.product-type.application";
		};
/* End PBXNativeTarget section */

/* Begin PBXProject section */
		F4753B9B20C44C9000995FBB /* Project object */ = {
			isa = PBXProject;
			attributes = {
				LastSwiftUpdateCheck = 0940;
				LastUpgradeCheck = 0940;
				ORGANIZATIONNAME = "Ezekiel De Leon";
				TargetAttributes = {
					F4753BA220C44C9000995FBB = {
						CreatedOnToolsVersion = 9.4;
						LastSwiftMigration = 0940;
					};
				};
			};
			buildConfigurationList = F4753B9E20C44C9000995FBB /* Build configuration list for PBXProject "Smack" */;
			compatibilityVersion = "Xcode 9.3";
			developmentRegion = en;
			hasScannedForEncodings = 0;
			knownRegions = (
				en,
				Base,
			);
			mainGroup = F4753B9A20C44C9000995FBB;
			productRefGroup = F4753BA420C44C9000995FBB /* Products */;
			projectDirPath = "";
			projectRoot = "";
			targets = (
				F4753BA220C44C9000995FBB /* Smack */,
			);
		};
/* End PBXProject section */

/* Begin PBXResourcesBuildPhase section */
		F4753BA120C44C9000995FBB /* Resources */ = {
			isa = PBXResourcesBuildPhase;
			buildActionMask = 2147483647;
			files = (
				F49932B820E2750E006B10D4 /* AddChannelVC.xib in Resources */,
				F45287FA20D483B2008BADDC /* ProfileVC.xib in Resources */,
				F4753BB120C44C9100995FBB /* LaunchScreen.storyboard in Resources */,
				F4753BAE20C44C9100995FBB /* Assets.xcassets in Resources */,
				F4753BAC20C44C9000995FBB /* Main.storyboard in Resources */,
			);
			runOnlyForDeploymentPostprocessing = 0;
		};
/* End PBXResourcesBuildPhase section */

/* Begin PBXShellScriptBuildPhase section */
		52A7292D9B60704BA5B6B71E /* [CP] Check Pods Manifest.lock */ = {
			isa = PBXShellScriptBuildPhase;
			buildActionMask = 2147483647;
			files = (
			);
			inputPaths = (
				"${PODS_PODFILE_DIR_PATH}/Podfile.lock",
				"${PODS_ROOT}/Manifest.lock",
			);
			name = "[CP] Check Pods Manifest.lock";
			outputPaths = (
				"$(DERIVED_FILE_DIR)/Pods-Smack-checkManifestLockResult.txt",
			);
			runOnlyForDeploymentPostprocessing = 0;
			shellPath = /bin/sh;
			shellScript = "diff \"${PODS_PODFILE_DIR_PATH}/Podfile.lock\" \"${PODS_ROOT}/Manifest.lock\" > /dev/null\nif [ $? != 0 ] ; then\n    # print error to STDERR\n    echo \"error: The sandbox is not in sync with the Podfile.lock. Run 'pod install' or update your CocoaPods installation.\" >&2\n    exit 1\nfi\n# This output is used by Xcode 'outputs' to avoid re-running this script phase.\necho \"SUCCESS\" > \"${SCRIPT_OUTPUT_FILE_0}\"\n";
			showEnvVarsInLog = 0;
		};
		8B76E07F9E0C6C447E3DF558 /* [CP] Embed Pods Frameworks */ = {
			isa = PBXShellScriptBuildPhase;
			buildActionMask = 2147483647;
			files = (
			);
			inputPaths = (
				"${SRCROOT}/Pods/Target Support Files/Pods-Smack/Pods-Smack-frameworks.sh",
				"${BUILT_PRODUCTS_DIR}/Alamofire/Alamofire.framework",
				"${BUILT_PRODUCTS_DIR}/Socket.IO-Client-Swift/SocketIO.framework",
				"${BUILT_PRODUCTS_DIR}/StarscreamSocketIO/StarscreamSocketIO.framework",
				"${BUILT_PRODUCTS_DIR}/SwiftyJSON/SwiftyJSON.framework",
			);
			name = "[CP] Embed Pods Frameworks";
			outputPaths = (
				"${TARGET_BUILD_DIR}/${FRAMEWORKS_FOLDER_PATH}/Alamofire.framework",
				"${TARGET_BUILD_DIR}/${FRAMEWORKS_FOLDER_PATH}/SocketIO.framework",
				"${TARGET_BUILD_DIR}/${FRAMEWORKS_FOLDER_PATH}/StarscreamSocketIO.framework",
				"${TARGET_BUILD_DIR}/${FRAMEWORKS_FOLDER_PATH}/SwiftyJSON.framework",
			);
			runOnlyForDeploymentPostprocessing = 0;
			shellPath = /bin/sh;
			shellScript = "\"${SRCROOT}/Pods/Target Support Files/Pods-Smack/Pods-Smack-frameworks.sh\"\n";
			showEnvVarsInLog = 0;
		};
/* End PBXShellScriptBuildPhase section */

/* Begin PBXSourcesBuildPhase section */
		F4753B9F20C44C9000995FBB /* Sources */ = {
			isa = PBXSourcesBuildPhase;
			buildActionMask = 2147483647;
			files = (
				F49932BA20E27C0E006B10D4 /* SocketService.swift in Sources */,
				F45287F920D483B2008BADDC /* ProfileVC.swift in Sources */,
				F49932B420E2714D006B10D4 /* ChannelCell.swift in Sources */,
				F429F49820C60E9E00BA6759 /* ChannelVC.swift in Sources */,
				F4F5B47120CFFCB500E62E5E /* AvatarPickerVC.swift in Sources */,
				F46B563020CAF6D100466855 /* RoundedButton.swift in Sources */,
				F491498E20E3C6A30080CCDD /* Message.swift in Sources */,
				F4DBB8BC20D93C2400E65887 /* Channel.swift in Sources */,
				F4F5B47520D006EA00E62E5E /* CircleImage.swift in Sources */,
				F4DBB8BA20D93BFD00E65887 /* MessageService.swift in Sources */,
				F429F49620C60E8C00BA6759 /* ChatVC.swift in Sources */,
				F494193B20CDACCB005F5AF2 /* UserDataService.swift in Sources */,
				F4CE0E5720C80EB000F0C2CE /* CreateAccountVC.swift in Sources */,
				F46B562E20CAC10E00466855 /* AuthService.swift in Sources */,
				F42D1B8220C6CDAF00409BB5 /* LoginVC.swift in Sources */,
				F49932B720E2750E006B10D4 /* AddChannelVC.swift in Sources */,
				F4C8390820C6C1A800F4A233 /* GradientView.swift in Sources */,
				F4F5B47320CFFE0900E62E5E /* AvatarCell.swift in Sources */,
				F4753BA720C44C9000995FBB /* AppDelegate.swift in Sources */,
				F4E68EB120C4514B00888425 /* SWRevealViewController.m in Sources */,
				F42D1B8020C6C9E100409BB5 /* Constants.swift in Sources */,
			);
			runOnlyForDeploymentPostprocessing = 0;
		};
/* End PBXSourcesBuildPhase section */

/* Begin PBXVariantGroup section */
		F4753BAA20C44C9000995FBB /* Main.storyboard */ = {
			isa = PBXVariantGroup;
			children = (
				F4753BAB20C44C9000995FBB /* Base */,
			);
			name = Main.storyboard;
			sourceTree = "<group>";
		};
		F4753BAF20C44C9100995FBB /* LaunchScreen.storyboard */ = {
			isa = PBXVariantGroup;
			children = (
				F4753BB020C44C9100995FBB /* Base */,
			);
			name = LaunchScreen.storyboard;
			sourceTree = "<group>";
		};
/* End PBXVariantGroup section */

/* Begin XCBuildConfiguration section */
		F4753BB320C44C9100995FBB /* Debug */ = {
			isa = XCBuildConfiguration;
			buildSettings = {
				ALWAYS_SEARCH_USER_PATHS = NO;
				CLANG_ANALYZER_NONNULL = YES;
				CLANG_ANALYZER_NUMBER_OBJECT_CONVERSION = YES_AGGRESSIVE;
				CLANG_CXX_LANGUAGE_STANDARD = "gnu++14";
				CLANG_CXX_LIBRARY = "libc++";
				CLANG_ENABLE_MODULES = YES;
				CLANG_ENABLE_OBJC_ARC = YES;
				CLANG_ENABLE_OBJC_WEAK = YES;
				CLANG_WARN_BLOCK_CAPTURE_AUTORELEASING = YES;
				CLANG_WARN_BOOL_CONVERSION = YES;
				CLANG_WARN_COMMA = YES;
				CLANG_WARN_CONSTANT_CONVERSION = YES;
				CLANG_WARN_DEPRECATED_OBJC_IMPLEMENTATIONS = YES;
				CLANG_WARN_DIRECT_OBJC_ISA_USAGE = YES_ERROR;
				CLANG_WARN_DOCUMENTATION_COMMENTS = YES;
				CLANG_WARN_EMPTY_BODY = YES;
				CLANG_WARN_ENUM_CONVERSION = YES;
				CLANG_WARN_INFINITE_RECURSION = YES;
				CLANG_WARN_INT_CONVERSION = YES;
				CLANG_WARN_NON_LITERAL_NULL_CONVERSION = YES;
				CLANG_WARN_OBJC_IMPLICIT_RETAIN_SELF = YES;
				CLANG_WARN_OBJC_LITERAL_CONVERSION = YES;
				CLANG_WARN_OBJC_ROOT_CLASS = YES_ERROR;
				CLANG_WARN_RANGE_LOOP_ANALYSIS = YES;
				CLANG_WARN_STRICT_PROTOTYPES = YES;
				CLANG_WARN_SUSPICIOUS_MOVE = YES;
				CLANG_WARN_UNGUARDED_AVAILABILITY = YES_AGGRESSIVE;
				CLANG_WARN_UNREACHABLE_CODE = YES;
				CLANG_WARN__DUPLICATE_METHOD_MATCH = YES;
				CODE_SIGN_IDENTITY = "iPhone Developer";
				COPY_PHASE_STRIP = NO;
				DEBUG_INFORMATION_FORMAT = dwarf;
				ENABLE_STRICT_OBJC_MSGSEND = YES;
				ENABLE_TESTABILITY = YES;
				GCC_C_LANGUAGE_STANDARD = gnu11;
				GCC_DYNAMIC_NO_PIC = NO;
				GCC_NO_COMMON_BLOCKS = YES;
				GCC_OPTIMIZATION_LEVEL = 0;
				GCC_PREPROCESSOR_DEFINITIONS = (
					"DEBUG=1",
					"$(inherited)",
				);
				GCC_WARN_64_TO_32_BIT_CONVERSION = YES;
				GCC_WARN_ABOUT_RETURN_TYPE = YES_ERROR;
				GCC_WARN_UNDECLARED_SELECTOR = YES;
				GCC_WARN_UNINITIALIZED_AUTOS = YES_AGGRESSIVE;
				GCC_WARN_UNUSED_FUNCTION = YES;
				GCC_WARN_UNUSED_VARIABLE = YES;
				IPHONEOS_DEPLOYMENT_TARGET = 11.4;
				MTL_ENABLE_DEBUG_INFO = YES;
				ONLY_ACTIVE_ARCH = YES;
				SDKROOT = iphoneos;
				SWIFT_ACTIVE_COMPILATION_CONDITIONS = DEBUG;
				SWIFT_OPTIMIZATION_LEVEL = "-Onone";
			};
			name = Debug;
		};
		F4753BB420C44C9100995FBB /* Release */ = {
			isa = XCBuildConfiguration;
			buildSettings = {
				ALWAYS_SEARCH_USER_PATHS = NO;
				CLANG_ANALYZER_NONNULL = YES;
				CLANG_ANALYZER_NUMBER_OBJECT_CONVERSION = YES_AGGRESSIVE;
				CLANG_CXX_LANGUAGE_STANDARD = "gnu++14";
				CLANG_CXX_LIBRARY = "libc++";
				CLANG_ENABLE_MODULES = YES;
				CLANG_ENABLE_OBJC_ARC = YES;
				CLANG_ENABLE_OBJC_WEAK = YES;
				CLANG_WARN_BLOCK_CAPTURE_AUTORELEASING = YES;
				CLANG_WARN_BOOL_CONVERSION = YES;
				CLANG_WARN_COMMA = YES;
				CLANG_WARN_CONSTANT_CONVERSION = YES;
				CLANG_WARN_DEPRECATED_OBJC_IMPLEMENTATIONS = YES;
				CLANG_WARN_DIRECT_OBJC_ISA_USAGE = YES_ERROR;
				CLANG_WARN_DOCUMENTATION_COMMENTS = YES;
				CLANG_WARN_EMPTY_BODY = YES;
				CLANG_WARN_ENUM_CONVERSION = YES;
				CLANG_WARN_INFINITE_RECURSION = YES;
				CLANG_WARN_INT_CONVERSION = YES;
				CLANG_WARN_NON_LITERAL_NULL_CONVERSION = YES;
				CLANG_WARN_OBJC_IMPLICIT_RETAIN_SELF = YES;
				CLANG_WARN_OBJC_LITERAL_CONVERSION = YES;
				CLANG_WARN_OBJC_ROOT_CLASS = YES_ERROR;
				CLANG_WARN_RANGE_LOOP_ANALYSIS = YES;
				CLANG_WARN_STRICT_PROTOTYPES = YES;
				CLANG_WARN_SUSPICIOUS_MOVE = YES;
				CLANG_WARN_UNGUARDED_AVAILABILITY = YES_AGGRESSIVE;
				CLANG_WARN_UNREACHABLE_CODE = YES;
				CLANG_WARN__DUPLICATE_METHOD_MATCH = YES;
				CODE_SIGN_IDENTITY = "iPhone Developer";
				COPY_PHASE_STRIP = NO;
				DEBUG_INFORMATION_FORMAT = "dwarf-with-dsym";
				ENABLE_NS_ASSERTIONS = NO;
				ENABLE_STRICT_OBJC_MSGSEND = YES;
				GCC_C_LANGUAGE_STANDARD = gnu11;
				GCC_NO_COMMON_BLOCKS = YES;
				GCC_WARN_64_TO_32_BIT_CONVERSION = YES;
				GCC_WARN_ABOUT_RETURN_TYPE = YES_ERROR;
				GCC_WARN_UNDECLARED_SELECTOR = YES;
				GCC_WARN_UNINITIALIZED_AUTOS = YES_AGGRESSIVE;
				GCC_WARN_UNUSED_FUNCTION = YES;
				GCC_WARN_UNUSED_VARIABLE = YES;
				IPHONEOS_DEPLOYMENT_TARGET = 11.4;
				MTL_ENABLE_DEBUG_INFO = NO;
				SDKROOT = iphoneos;
				SWIFT_COMPILATION_MODE = wholemodule;
				SWIFT_OPTIMIZATION_LEVEL = "-O";
				VALIDATE_PRODUCT = YES;
			};
			name = Release;
		};
		F4753BB620C44C9100995FBB /* Debug */ = {
			isa = XCBuildConfiguration;
			baseConfigurationReference = B6045BDF72F569328ADCF3CC /* Pods-Smack.debug.xcconfig */;
			buildSettings = {
				ASSETCATALOG_COMPILER_APPICON_NAME = AppIcon;
				CLANG_ENABLE_MODULES = YES;
				CODE_SIGN_STYLE = Automatic;
				DEVELOPMENT_TEAM = 5U5P6JY7Z2;
				INFOPLIST_FILE = Smack/Info.plist;
				LD_RUNPATH_SEARCH_PATHS = (
					"$(inherited)",
					"@executable_path/Frameworks",
				);
				PRODUCT_BUNDLE_IDENTIFIER = com.Ezekiel.Smack;
				PRODUCT_NAME = "$(TARGET_NAME)";
				SWIFT_OBJC_BRIDGING_HEADER = "Smack/Supporting Files/Smack-Bridging-Header.h";
				SWIFT_OPTIMIZATION_LEVEL = "-Onone";
				SWIFT_VERSION = 4.0;
				TARGETED_DEVICE_FAMILY = "1,2";
			};
			name = Debug;
		};
		F4753BB720C44C9100995FBB /* Release */ = {
			isa = XCBuildConfiguration;
			baseConfigurationReference = 433162E588B8154278F8F77B /* Pods-Smack.release.xcconfig */;
			buildSettings = {
				ASSETCATALOG_COMPILER_APPICON_NAME = AppIcon;
				CLANG_ENABLE_MODULES = YES;
				CODE_SIGN_STYLE = Automatic;
				DEVELOPMENT_TEAM = 5U5P6JY7Z2;
				INFOPLIST_FILE = Smack/Info.plist;
				LD_RUNPATH_SEARCH_PATHS = (
					"$(inherited)",
					"@executable_path/Frameworks",
				);
				PRODUCT_BUNDLE_IDENTIFIER = com.Ezekiel.Smack;
				PRODUCT_NAME = "$(TARGET_NAME)";
				SWIFT_OBJC_BRIDGING_HEADER = "Smack/Supporting Files/Smack-Bridging-Header.h";
				SWIFT_VERSION = 4.0;
				TARGETED_DEVICE_FAMILY = "1,2";
			};
			name = Release;
		};
/* End XCBuildConfiguration section */

/* Begin XCConfigurationList section */
		F4753B9E20C44C9000995FBB /* Build configuration list for PBXProject "Smack" */ = {
			isa = XCConfigurationList;
			buildConfigurations = (
				F4753BB320C44C9100995FBB /* Debug */,
				F4753BB420C44C9100995FBB /* Release */,
			);
			defaultConfigurationIsVisible = 0;
			defaultConfigurationName = Release;
		};
		F4753BB520C44C9100995FBB /* Build configuration list for PBXNativeTarget "Smack" */ = {
			isa = XCConfigurationList;
			buildConfigurations = (
				F4753BB620C44C9100995FBB /* Debug */,
				F4753BB720C44C9100995FBB /* Release */,
			);
			defaultConfigurationIsVisible = 0;
			defaultConfigurationName = Release;
		};
/* End XCConfigurationList section */
	};
	rootObject = F4753B9B20C44C9000995FBB /* Project object */;
}
